// !$*UTF8*$!
{
	archiveVersion = 1;
	classes = {
	};
	objectVersion = 55;
	objects = {

/* Begin PBXBuildFile section */
		928CC24627ACAAC0000AF768 /* AppDelegate.swift in Sources */ = {isa = PBXBuildFile; fileRef = 928CC24527ACAAC0000AF768 /* AppDelegate.swift */; };
		928CC24827ACAAC0000AF768 /* SceneDelegate.swift in Sources */ = {isa = PBXBuildFile; fileRef = 928CC24727ACAAC0000AF768 /* SceneDelegate.swift */; };
		928CC24A27ACAAC0000AF768 /* ViewController.swift in Sources */ = {isa = PBXBuildFile; fileRef = 928CC24927ACAAC0000AF768 /* ViewController.swift */; };
		928CC24D27ACAAC0000AF768 /* Main.storyboard in Resources */ = {isa = PBXBuildFile; fileRef = 928CC24B27ACAAC0000AF768 /* Main.storyboard */; };
		928CC24F27ACAAC1000AF768 /* Assets.xcassets in Resources */ = {isa = PBXBuildFile; fileRef = 928CC24E27ACAAC1000AF768 /* Assets.xcassets */; };
		928CC25227ACAAC1000AF768 /* LaunchScreen.storyboard in Resources */ = {isa = PBXBuildFile; fileRef = 928CC25027ACAAC1000AF768 /* LaunchScreen.storyboard */; };
		928CC25B27ACAAE0000AF768 /* Lumina in Frameworks */ = {isa = PBXBuildFile; productRef = 928CC25A27ACAAE0000AF768 /* Lumina */; };
		928CC25F27ACAD21000AF768 /* MobileNet.mlmodel in Sources */ = {isa = PBXBuildFile; fileRef = 928CC25E27ACAD21000AF768 /* MobileNet.mlmodel */; };
/* End PBXBuildFile section */

/* Begin PBXFileReference section */
		928CC24227ACAAC0000AF768 /* eyesight.app */ = {isa = PBXFileReference; explicitFileType = wrapper.application; includeInIndex = 0; path = eyesight.app; sourceTree = BUILT_PRODUCTS_DIR; };
		928CC24527ACAAC0000AF768 /* AppDelegate.swift */ = {isa = PBXFileReference; lastKnownFileType = sourcecode.swift; path = AppDelegate.swift; sourceTree = "<group>"; };
		928CC24727ACAAC0000AF768 /* SceneDelegate.swift */ = {isa = PBXFileReference; lastKnownFileType = sourcecode.swift; path = SceneDelegate.swift; sourceTree = "<group>"; };
		928CC24927ACAAC0000AF768 /* ViewController.swift */ = {isa = PBXFileReference; lastKnownFileType = sourcecode.swift; path = ViewController.swift; sourceTree = "<group>"; };
		928CC24C27ACAAC0000AF768 /* Base */ = {isa = PBXFileReference; lastKnownFileType = file.storyboard; name = Base; path = Base.lproj/Main.storyboard; sourceTree = "<group>"; };
		928CC24E27ACAAC1000AF768 /* Assets.xcassets */ = {isa = PBXFileReference; lastKnownFileType = folder.assetcatalog; path = Assets.xcassets; sourceTree = "<group>"; };
		928CC25127ACAAC1000AF768 /* Base */ = {isa = PBXFileReference; lastKnownFileType = file.storyboard; name = Base; path = Base.lproj/LaunchScreen.storyboard; sourceTree = "<group>"; };
		928CC25327ACAAC1000AF768 /* Info.plist */ = {isa = PBXFileReference; lastKnownFileType = text.plist.xml; path = Info.plist; sourceTree = "<group>"; };
		928CC25E27ACAD21000AF768 /* MobileNet.mlmodel */ = {isa = PBXFileReference; lastKnownFileType = file.mlmodel; path = MobileNet.mlmodel; sourceTree = "<group>"; };
/* End PBXFileReference section */

/* Begin PBXFrameworksBuildPhase section */
		928CC23F27ACAAC0000AF768 /* Frameworks */ = {
			isa = PBXFrameworksBuildPhase;
			buildActionMask = 2147483647;
			files = (
				928CC25B27ACAAE0000AF768 /* Lumina in Frameworks */,
			);
			runOnlyForDeploymentPostprocessing = 0;
		};
/* End PBXFrameworksBuildPhase section */

/* Begin PBXGroup section */
		928CC23927ACAAC0000AF768 = {
			isa = PBXGroup;
			children = (
				928CC24427ACAAC0000AF768 /* eyesight */,
				928CC24327ACAAC0000AF768 /* Products */,
			);
			sourceTree = "<group>";
		};
		928CC24327ACAAC0000AF768 /* Products */ = {
			isa = PBXGroup;
			children = (
				928CC24227ACAAC0000AF768 /* eyesight.app */,
			);
			name = Products;
			sourceTree = "<group>";
		};
		928CC24427ACAAC0000AF768 /* eyesight */ = {
			isa = PBXGroup;
			children = (
				928CC24527ACAAC0000AF768 /* AppDelegate.swift */,
				928CC24727ACAAC0000AF768 /* SceneDelegate.swift */,
				928CC24927ACAAC0000AF768 /* ViewController.swift */,
				928CC24B27ACAAC0000AF768 /* Main.storyboard */,
				928CC24E27ACAAC1000AF768 /* Assets.xcassets */,
				928CC25027ACAAC1000AF768 /* LaunchScreen.storyboard */,
				928CC25E27ACAD21000AF768 /* MobileNet.mlmodel */,
				928CC25327ACAAC1000AF768 /* Info.plist */,
			);
			path = eyesight;
			sourceTree = "<group>";
		};
/* End PBXGroup section */

/* Begin PBXNativeTarget section */
		928CC24127ACAAC0000AF768 /* eyesight */ = {
			isa = PBXNativeTarget;
			buildConfigurationList = 928CC25627ACAAC1000AF768 /* Build configuration list for PBXNativeTarget "eyesight" */;
			buildPhases = (
				928CC23E27ACAAC0000AF768 /* Sources */,
				928CC23F27ACAAC0000AF768 /* Frameworks */,
				928CC24027ACAAC0000AF768 /* Resources */,
			);
			buildRules = (
			);
			dependencies = (
			);
			name = eyesight;
			packageProductDependencies = (
				928CC25A27ACAAE0000AF768 /* Lumina */,
			);
			productName = eyesight;
			productReference = 928CC24227ACAAC0000AF768 /* eyesight.app */;
			productType = "com.apple.product-type.application";
		};
/* End PBXNativeTarget section */

/* Begin PBXProject section */
		928CC23A27ACAAC0000AF768 /* Project object */ = {
			isa = PBXProject;
			attributes = {
				BuildIndependentTargetsInParallel = 1;
				LastSwiftUpdateCheck = 1320;
				LastUpgradeCheck = 1320;
				TargetAttributes = {
					928CC24127ACAAC0000AF768 = {
						CreatedOnToolsVersion = 13.2.1;
					};
				};
			};
			buildConfigurationList = 928CC23D27ACAAC0000AF768 /* Build configuration list for PBXProject "eyesight" */;
			compatibilityVersion = "Xcode 13.0";
			developmentRegion = en;
			hasScannedForEncodings = 0;
			knownRegions = (
				en,
				Base,
			);
			mainGroup = 928CC23927ACAAC0000AF768;
			packageReferences = (
				928CC25927ACAAE0000AF768 /* XCRemoteSwiftPackageReference "Lumina" */,
			);
			productRefGroup = 928CC24327ACAAC0000AF768 /* Products */;
			projectDirPath = "";
			projectRoot = "";
			targets = (
				928CC24127ACAAC0000AF768 /* eyesight */,
			);
		};
/* End PBXProject section */

/* Begin PBXResourcesBuildPhase section */
		928CC24027ACAAC0000AF768 /* Resources */ = {
			isa = PBXResourcesBuildPhase;
			buildActionMask = 2147483647;
			files = (
				928CC25227ACAAC1000AF768 /* LaunchScreen.storyboard in Resources */,
				928CC24F27ACAAC1000AF768 /* Assets.xcassets in Resources */,
				928CC24D27ACAAC0000AF768 /* Main.storyboard in Resources */,
			);
			runOnlyForDeploymentPostprocessing = 0;
		};
/* End PBXResourcesBuildPhase section */

/* Begin PBXSourcesBuildPhase section */
		928CC23E27ACAAC0000AF768 /* Sources */ = {
			isa = PBXSourcesBuildPhase;
			buildActionMask = 2147483647;
			files = (
				928CC24A27ACAAC0000AF768 /* ViewController.swift in Sources */,
				928CC25F27ACAD21000AF768 /* MobileNet.mlmodel in Sources */,
				928CC24627ACAAC0000AF768 /* AppDelegate.swift in Sources */,
				928CC24827ACAAC0000AF768 /* SceneDelegate.swift in Sources */,
			);
			runOnlyForDeploymentPostprocessing = 0;
		};
/* End PBXSourcesBuildPhase section */

/* Begin PBXVariantGroup section */
		928CC24B27ACAAC0000AF768 /* Main.storyboard */ = {
			isa = PBXVariantGroup;
			children = (
				928CC24C27ACAAC0000AF768 /* Base */,
			);
			name = Main.storyboard;
			sourceTree = "<group>";
		};
		928CC25027ACAAC1000AF768 /* LaunchScreen.storyboard */ = {
			isa = PBXVariantGroup;
			children = (
				928CC25127ACAAC1000AF768 /* Base */,
			);
			name = LaunchScreen.storyboard;
			sourceTree = "<group>";
		};
/* End PBXVariantGroup section */

/* Begin XCBuildConfiguration section */
		928CC25427ACAAC1000AF768 /* Debug */ = {
			isa = XCBuildConfiguration;
			buildSettings = {
				ALWAYS_SEARCH_USER_PATHS = NO;
				CLANG_ANALYZER_NONNULL = YES;
				CLANG_ANALYZER_NUMBER_OBJECT_CONVERSION = YES_AGGRESSIVE;
				CLANG_CXX_LANGUAGE_STANDARD = "gnu++17";
				CLANG_CXX_LIBRARY = "libc++";
				CLANG_ENABLE_MODULES = YES;
				CLANG_ENABLE_OBJC_ARC = YES;
				CLANG_ENABLE_OBJC_WEAK = YES;
				CLANG_WARN_BLOCK_CAPTURE_AUTORELEASING = YES;
				CLANG_WARN_BOOL_CONVERSION = YES;
				CLANG_WARN_COMMA = YES;
				CLANG_WARN_CONSTANT_CONVERSION = YES;
				CLANG_WARN_DEPRECATED_OBJC_IMPLEMENTATIONS = YES;
				CLANG_WARN_DIRECT_OBJC_ISA_USAGE = YES_ERROR;
				CLANG_WARN_DOCUMENTATION_COMMENTS = YES;
				CLANG_WARN_EMPTY_BODY = YES;
				CLANG_WARN_ENUM_CONVERSION = YES;
				CLANG_WARN_INFINITE_RECURSION = YES;
				CLANG_WARN_INT_CONVERSION = YES;
				CLANG_WARN_NON_LITERAL_NULL_CONVERSION = YES;
				CLANG_WARN_OBJC_IMPLICIT_RETAIN_SELF = YES;
				CLANG_WARN_OBJC_LITERAL_CONVERSION = YES;
				CLANG_WARN_OBJC_ROOT_CLASS = YES_ERROR;
				CLANG_WARN_QUOTED_INCLUDE_IN_FRAMEWORK_HEADER = YES;
				CLANG_WARN_RANGE_LOOP_ANALYSIS = YES;
				CLANG_WARN_STRICT_PROTOTYPES = YES;
				CLANG_WARN_SUSPICIOUS_MOVE = YES;
				CLANG_WARN_UNGUARDED_AVAILABILITY = YES_AGGRESSIVE;
				CLANG_WARN_UNREACHABLE_CODE = YES;
				CLANG_WARN__DUPLICATE_METHOD_MATCH = YES;
				COPY_PHASE_STRIP = NO;
				DEBUG_INFORMATION_FORMAT = dwarf;
				ENABLE_STRICT_OBJC_MSGSEND = YES;
				ENABLE_TESTABILITY = YES;
				GCC_C_LANGUAGE_STANDARD = gnu11;
				GCC_DYNAMIC_NO_PIC = NO;
				GCC_NO_COMMON_BLOCKS = YES;
				GCC_OPTIMIZATION_LEVEL = 0;
				GCC_PREPROCESSOR_DEFINITIONS = (
					"DEBUG=1",
					"$(inherited)",
				);
				GCC_WARN_64_TO_32_BIT_CONVERSION = YES;
				GCC_WARN_ABOUT_RETURN_TYPE = YES_ERROR;
				GCC_WARN_UNDECLARED_SELECTOR = YES;
				GCC_WARN_UNINITIALIZED_AUTOS = YES_AGGRESSIVE;
				GCC_WARN_UNUSED_FUNCTION = YES;
				GCC_WARN_UNUSED_VARIABLE = YES;
				IPHONEOS_DEPLOYMENT_TARGET = 15.2;
				MTL_ENABLE_DEBUG_INFO = INCLUDE_SOURCE;
				MTL_FAST_MATH = YES;
				ONLY_ACTIVE_ARCH = YES;
				SDKROOT = iphoneos;
				SWIFT_ACTIVE_COMPILATION_CONDITIONS = DEBUG;
				SWIFT_OPTIMIZATION_LEVEL = "-Onone";
			};
			name = Debug;
		};
		928CC25527ACAAC1000AF768 /* Release */ = {
			isa = XCBuildConfiguration;
			buildSettings = {
				ALWAYS_SEARCH_USER_PATHS = NO;
				CLANG_ANALYZER_NONNULL = YES;
				CLANG_ANALYZER_NUMBER_OBJECT_CONVERSION = YES_AGGRESSIVE;
				CLANG_CXX_LANGUAGE_STANDARD = "gnu++17";
				CLANG_CXX_LIBRARY = "libc++";
				CLANG_ENABLE_MODULES = YES;
				CLANG_ENABLE_OBJC_ARC = YES;
				CLANG_ENABLE_OBJC_WEAK = YES;
				CLANG_WARN_BLOCK_CAPTURE_AUTORELEASING = YES;
				CLANG_WARN_BOOL_CONVERSION = YES;
				CLANG_WARN_COMMA = YES;
				CLANG_WARN_CONSTANT_CONVERSION = YES;
				CLANG_WARN_DEPRECATED_OBJC_IMPLEMENTATIONS = YES;
				CLANG_WARN_DIRECT_OBJC_ISA_USAGE = YES_ERROR;
				CLANG_WARN_DOCUMENTATION_COMMENTS = YES;
				CLANG_WARN_EMPTY_BODY = YES;
				CLANG_WARN_ENUM_CONVERSION = YES;
				CLANG_WARN_INFINITE_RECURSION = YES;
				CLANG_WARN_INT_CONVERSION = YES;
				CLANG_WARN_NON_LITERAL_NULL_CONVERSION = YES;
				CLANG_WARN_OBJC_IMPLICIT_RETAIN_SELF = YES;
				CLANG_WARN_OBJC_LITERAL_CONVERSION = YES;
				CLANG_WARN_OBJC_ROOT_CLASS = YES_ERROR;
				CLANG_WARN_QUOTED_INCLUDE_IN_FRAMEWORK_HEADER = YES;
				CLANG_WARN_RANGE_LOOP_ANALYSIS = YES;
				CLANG_WARN_STRICT_PROTOTYPES = YES;
				CLANG_WARN_SUSPICIOUS_MOVE = YES;
				CLANG_WARN_UNGUARDED_AVAILABILITY = YES_AGGRESSIVE;
				CLANG_WARN_UNREACHABLE_CODE = YES;
				CLANG_WARN__DUPLICATE_METHOD_MATCH = YES;
				COPY_PHASE_STRIP = NO;
				DEBUG_INFORMATION_FORMAT = "dwarf-with-dsym";
				ENABLE_NS_ASSERTIONS = NO;
				ENABLE_STRICT_OBJC_MSGSEND = YES;
				GCC_C_LANGUAGE_STANDARD = gnu11;
				GCC_NO_COMMON_BLOCKS = YES;
				GCC_WARN_64_TO_32_BIT_CONVERSION = YES;
				GCC_WARN_ABOUT_RETURN_TYPE = YES_ERROR;
				GCC_WARN_UNDECLARED_SELECTOR = YES;
				GCC_WARN_UNINITIALIZED_AUTOS = YES_AGGRESSIVE;
				GCC_WARN_UNUSED_FUNCTION = YES;
				GCC_WARN_UNUSED_VARIABLE = YES;
				IPHONEOS_DEPLOYMENT_TARGET = 15.2;
				MTL_ENABLE_DEBUG_INFO = NO;
				MTL_FAST_MATH = YES;
				SDKROOT = iphoneos;
				SWIFT_COMPILATION_MODE = wholemodule;
				SWIFT_OPTIMIZATION_LEVEL = "-O";
				VALIDATE_PRODUCT = YES;
			};
			name = Release;
		};
		928CC25727ACAAC1000AF768 /* Debug */ = {
			isa = XCBuildConfiguration;
			buildSettings = {
				ASSETCATALOG_COMPILER_APPICON_NAME = AppIcon;
				ASSETCATALOG_COMPILER_GLOBAL_ACCENT_COLOR_NAME = AccentColor;
				CODE_SIGN_STYLE = Automatic;
				CURRENT_PROJECT_VERSION = 1;
				DEVELOPMENT_TEAM = GR6SL6LH76;
				GENERATE_INFOPLIST_FILE = YES;
				INFOPLIST_FILE = eyesight/Info.plist;
				INFOPLIST_KEY_UIApplicationSupportsIndirectInputEvents = YES;
				INFOPLIST_KEY_UILaunchStoryboardName = LaunchScreen;
				INFOPLIST_KEY_UIMainStoryboardFile = Main;
				INFOPLIST_KEY_UISupportedInterfaceOrientations_iPad = "UIInterfaceOrientationPortrait UIInterfaceOrientationPortraitUpsideDown UIInterfaceOrientationLandscapeLeft UIInterfaceOrientationLandscapeRight";
				INFOPLIST_KEY_UISupportedInterfaceOrientations_iPhone = "UIInterfaceOrientationPortrait UIInterfaceOrientationLandscapeLeft UIInterfaceOrientationLandscapeRight";
				LD_RUNPATH_SEARCH_PATHS = (
					"$(inherited)",
					"@executable_path/Frameworks",
				);
				MARKETING_VERSION = 1.0;
				PRODUCT_BUNDLE_IDENTIFIER = com.vincentcloutier.eyesight;
				PRODUCT_NAME = "$(TARGET_NAME)";
				SWIFT_EMIT_LOC_STRINGS = YES;
				SWIFT_VERSION = 5.0;
				TARGETED_DEVICE_FAMILY = "1,2";
			};
			name = Debug;
		};
		928CC25827ACAAC1000AF768 /* Release */ = {
			isa = XCBuildConfiguration;
			buildSettings = {
				ASSETCATALOG_COMPILER_APPICON_NAME = AppIcon;
				ASSETCATALOG_COMPILER_GLOBAL_ACCENT_COLOR_NAME = AccentColor;
				CODE_SIGN_STYLE = Automatic;
				CURRENT_PROJECT_VERSION = 1;
				DEVELOPMENT_TEAM = GR6SL6LH76;
				GENERATE_INFOPLIST_FILE = YES;
				INFOPLIST_FILE = eyesight/Info.plist;
				INFOPLIST_KEY_UIApplicationSupportsIndirectInputEvents = YES;
				INFOPLIST_KEY_UILaunchStoryboardName = LaunchScreen;
				INFOPLIST_KEY_UIMainStoryboardFile = Main;
				INFOPLIST_KEY_UISupportedInterfaceOrientations_iPad = "UIInterfaceOrientationPortrait UIInterfaceOrientationPortraitUpsideDown UIInterfaceOrientationLandscapeLeft UIInterfaceOrientationLandscapeRight";
				INFOPLIST_KEY_UISupportedInterfaceOrientations_iPhone = "UIInterfaceOrientationPortrait UIInterfaceOrientationLandscapeLeft UIInterfaceOrientationLandscapeRight";
				LD_RUNPATH_SEARCH_PATHS = (
					"$(inherited)",
					"@executable_path/Frameworks",
				);
				MARKETING_VERSION = 1.0;
				PRODUCT_BUNDLE_IDENTIFIER = com.vincentcloutier.eyesight;
				PRODUCT_NAME = "$(TARGET_NAME)";
				SWIFT_EMIT_LOC_STRINGS = YES;
				SWIFT_VERSION = 5.0;
				TARGETED_DEVICE_FAMILY = "1,2";
			};
			name = Release;
		};
/* End XCBuildConfiguration section */

/* Begin XCConfigurationList section */
		928CC23D27ACAAC0000AF768 /* Build configuration list for PBXProject "eyesight" */ = {
			isa = XCConfigurationList;
			buildConfigurations = (
				928CC25427ACAAC1000AF768 /* Debug */,
				928CC25527ACAAC1000AF768 /* Release */,
			);
			defaultConfigurationIsVisible = 0;
			defaultConfigurationName = Release;
		};
		928CC25627ACAAC1000AF768 /* Build configuration list for PBXNativeTarget "eyesight" */ = {
			isa = XCConfigurationList;
			buildConfigurations = (
				928CC25727ACAAC1000AF768 /* Debug */,
				928CC25827ACAAC1000AF768 /* Release */,
			);
			defaultConfigurationIsVisible = 0;
			defaultConfigurationName = Release;
		};
/* End XCConfigurationList section */

/* Begin XCRemoteSwiftPackageReference section */
		928CC25927ACAAE0000AF768 /* XCRemoteSwiftPackageReference "Lumina" */ = {
			isa = XCRemoteSwiftPackageReference;
			repositoryURL = "https://github.com/dokun1/Lumina";
			requirement = {
				branch = master;
				kind = branch;
			};
		};
/* End XCRemoteSwiftPackageReference section */

/* Begin XCSwiftPackageProductDependency section */
		928CC25A27ACAAE0000AF768 /* Lumina */ = {
			isa = XCSwiftPackageProductDependency;
			package = 928CC25927ACAAE0000AF768 /* XCRemoteSwiftPackageReference "Lumina" */;
			productName = Lumina;
		};
/* End XCSwiftPackageProductDependency section */
	};
	rootObject = 928CC23A27ACAAC0000AF768 /* Project object */;
}
